<?xml version="1.0" encoding="utf-8"?>
<Project ToolsVersion="4.0" xmlns="http://schemas.microsoft.com/developer/msbuild/2003">
  <ItemGroup>
    <Filter Include="ソース ファイル">
      <UniqueIdentifier>{4FC737F1-C7A5-4376-A066-2A32D752A2FF}</UniqueIdentifier>
      <Extensions>cpp;c;cc;cxx;c++;cppm;ixx;def;odl;idl;hpj;bat;asm;asmx</Extensions>
    </Filter>
    <Filter Include="ヘッダー ファイル">
      <UniqueIdentifier>{93995380-89BD-4b04-88EB-625FBE52EBFB}</UniqueIdentifier>
      <Extensions>h;hh;hpp;hxx;h++;hm;inl;inc;ipp;xsd</Extensions>
    </Filter>
    <Filter Include="リソース ファイル">
      <UniqueIdentifier>{67DA6AB6-F800-4c08-8B7A-83BB121AAD01}</UniqueIdentifier>
      <Extensions>rc;ico;cur;bmp;dlg;rc2;rct;bin;rgs;gif;jpg;jpeg;jpe;resx;tiff;tif;png;wav;mfcribbon-ms</Extensions>
    </Filter>
    <Filter Include="ソース ファイル\MD">
      <UniqueIdentifier>{39118e35-4a5a-4d45-99d0-df6a264824c9}</UniqueIdentifier>
    </Filter>
    <Filter Include="ソース ファイル\終了">
      <UniqueIdentifier>{cd7a5f8b-3e74-4c3b-b23d-a208727f2409}</UniqueIdentifier>
    </Filter>
  </ItemGroup>
  <ItemGroup>
    <ClCompile Include="CppBasics\0620_.cpp">
      <Filter>ソース ファイル\終了</Filter>
    </ClCompile>
    <ClCompile Include="CppBasics\0622_.cpp">
      <Filter>ソース ファイル\終了</Filter>
    </ClCompile>
    <ClCompile Include="CppBasics\0623_MD1.cpp">
      <Filter>ソース ファイル\MD</Filter>
    </ClCompile>
    <ClCompile Include="CppBasics\0623_MD2.cpp">
      <Filter>ソース ファイル\MD</Filter>
    </ClCompile>
    <ClCompile Include="CppBasics\0623_MD3.cpp">
      <Filter>ソース ファイル\MD</Filter>
    </ClCompile>
  </ItemGroup>
  <ItemGroup>
    <None Include="CppBasics\cpp_basics_exercises.md">
      <Filter>ソース ファイル\MD</Filter>
    </None>
  </ItemGroup>
</Project>
